
Microsoft Visual Studio Solution File, Format Version 12.00
# Visual Studio Version 16
VisualStudioVersion = 16.0.30804.86
MinimumVisualStudioVersion = 10.0.40219.1
Project("{9A19103F-16F7-4668-BE54-9A1E7A4F7556}") = "MISA.CukCuk.Api", "MISA.CukCuk.Api\MISA.CukCuk.Api.csproj", "{135F5844-173D-4A59-96A5-6EBE57132585}"
EndProject
Project("{FAE04EC0-301F-11D3-BF4B-00C04F79EFBC}") = "MISA.Entity", "MISA.Entity\MISA.Entity.csproj", "{9C684634-D626-41D1-9DAC-B4308561FFDE}"
EndProject
Project("{FAE04EC0-301F-11D3-BF4B-00C04F79EFBC}") = "MISA.ApplicationCore", "MISA.ApplicationCore\MISA.ApplicationCore.csproj", "{932F7806-0E3B-4AC5-ADDA-95BBF38C7A60}"
EndProject
Global
	GlobalSection(SolutionConfigurationPlatforms) = preSolution
		Debug|Any CPU = Debug|Any CPU
		Release|Any CPU = Release|Any CPU
	EndGlobalSection
	GlobalSection(ProjectConfigurationPlatforms) = postSolution
		{135F5844-173D-4A59-96A5-6EBE57132585}.Debug|Any CPU.ActiveCfg = Debug|Any CPU
		{135F5844-173D-4A59-96A5-6EBE57132585}.Debug|Any CPU.Build.0 = Debug|Any CPU
		{135F5844-173D-4A59-96A5-6EBE57132585}.Release|Any CPU.ActiveCfg = Release|Any CPU
		{135F5844-173D-4A59-96A5-6EBE57132585}.Release|Any CPU.Build.0 = Release|Any CPU
		{9C684634-D626-41D1-9DAC-B4308561FFDE}.Debug|Any CPU.ActiveCfg = Debug|Any CPU
		{9C684634-D626-41D1-9DAC-B4308561FFDE}.Debug|Any CPU.Build.0 = Debug|Any CPU
		{9C684634-D626-41D1-9DAC-B4308561FFDE}.Release|Any CPU.ActiveCfg = Release|Any CPU
		{9C684634-D626-41D1-9DAC-B4308561FFDE}.Release|Any CPU.Build.0 = Release|Any CPU
		{932F7806-0E3B-4AC5-ADDA-95BBF38C7A60}.Debug|Any CPU.ActiveCfg = Debug|Any CPU
		{932F7806-0E3B-4AC5-ADDA-95BBF38C7A60}.Debug|Any CPU.Build.0 = Debug|Any CPU
		{932F7806-0E3B-4AC5-ADDA-95BBF38C7A60}.Release|Any CPU.ActiveCfg = Release|Any CPU
		{932F7806-0E3B-4AC5-ADDA-95BBF38C7A60}.Release|Any CPU.Build.0 = Release|Any CPU
	EndGlobalSection
	GlobalSection(SolutionProperties) = preSolution
		HideSolutionNode = FALSE
	EndGlobalSection
	GlobalSection(ExtensibilityGlobals) = postSolution
		SolutionGuid = {E5877102-FE35-4BBF-BEE6-74EB036C8791}
	EndGlobalSection
EndGlobal
